[[package]]
name = "clickhouse-driver"
version = "0.2.0"
description = "Python driver with native interface for ClickHouse"
category = "main"
optional = false
python-versions = ">=2.7, !=3.0.*, !=3.1.*, !=3.2.*, !=3.3.*"

[package.dependencies]
enum34 = {version = "*", markers = "python_version < \"3.4\""}
ipaddress = {version = "*", markers = "python_version < \"3.4\""}
pytz = "*"
tzlocal = "<3.0"

[package.extras]
lz4 = ["lz4 (<=3.0.1)", "clickhouse-cityhash (>=1.0.2.1)"]
numpy = ["numpy (>=1.12.0)", "pandas (>=0.24.0)"]
zstd = ["zstd", "clickhouse-cityhash (>=1.0.2.1)"]

[[package]]
name = "enum34"
version = "1.1.10"
description = "Python 3.4 Enum backported to 3.3, 3.2, 3.1, 2.7, 2.6, 2.5, and 2.4"
category = "main"
optional = false
python-versions = "*"

[[package]]
name = "ipaddress"
version = "1.0.23"
description = "IPv4/IPv6 manipulation library"
category = "main"
optional = false
python-versions = "*"

[[package]]
name = "pytz"
version = "2021.1"
description = "World timezone definitions, modern and historical"
category = "main"
optional = false
python-versions = "*"

[[package]]
name = "tzlocal"
version = "2.1"
description = "tzinfo object for the local timezone"
category = "main"
optional = false
python-versions = "*"

[package.dependencies]
pytz = "*"

[metadata]
lock-version = "1.1"
python-versions = "*"
content-hash = "f277497317ddfb1317da6462a67b8677260f03f2c87bc01b1e31a72199c7d3a2"

[metadata.files]
clickhouse-driver = [
    {file = "clickhouse-driver-0.2.0.tar.gz", hash = "sha256:62d37f93872d5a13eb6b0d52bab2b593ed0e14cf9200949aa2d02f9801064c0f"},
    {file = "clickhouse_driver-0.2.0-cp27-cp27m-macosx_10_9_x86_64.whl", hash = "sha256:cf015d17c9c8369d75310c4388c832300b311004180849eea342a282e09c0111"},
    {file = "clickhouse_driver-0.2.0-cp27-cp27m-manylinux1_i686.whl", hash = "sha256:ff53cc75ab9bacb55b8a5e7215f7c073bff7974b3f3c9cd96a9c02ece1e62019"},
    {file = "clickhouse_driver-0.2.0-cp27-cp27m-manylinux1_x86_64.whl", hash = "sha256:d4a6f63bde2bab0c0beb0a47bb3318cdfe34398298e0a94f5f3588e460376b90"},
    {file = "clickhouse_driver-0.2.0-cp27-cp27m-manylinux2010_i686.whl", hash = "sha256:ac2410ef71e72cc67585260c18587693f4dad4fc288d7bf4850649eaf0eef1fa"},
    {file = "clickhouse_driver-0.2.0-cp27-cp27m-manylinux2010_x86_64.whl", hash = "sha256:de0142b1600e2cf76de708c96eaad583b01249911300ff7ac83ef8e643062a7e"},
    {file = "clickhouse_driver-0.2.0-cp27-cp27mu-manylinux1_i686.whl", hash = "sha256:0696fcc9b4a05c926b770ab08e04b083c93abfb3f7f0316d1bce20a5894901c5"},
    {file = "clickhouse_driver-0.2.0-cp27-cp27mu-manylinux1_x86_64.whl", hash = "sha256:7a9425f741df899453f6e8382d1d6168f1acb4d72a0ca001e23453a451dd712d"},
    {file = "clickhouse_driver-0.2.0-cp27-cp27mu-manylinux2010_i686.whl", hash = "sha256:2b24d0e927d17ad3245044f79032058b8c3fa6dddc3192f75fdce32632073e43"},
    {file = "clickhouse_driver-0.2.0-cp27-cp27mu-manylinux2010_x86_64.whl", hash = "sha256:01dfd4fbba3dee10437d4c9534159e556691b029f18860d999aef6686bc978a2"},
    {file = "clickhouse_driver-0.2.0-cp35-cp35m-macosx_10_9_x86_64.whl", hash = "sha256:eed8f7214751c870624d68c30ac9f2233fbeee300caae1748b0f86501314cc61"},
    {file = "clickhouse_driver-0.2.0-cp35-cp35m-manylinux1_i686.whl", hash = "sha256:612421bc789ec1bd4f3c0b0792a2fb9a8b97fd5138960dedba60783b5e8b28ec"},
    {file = "clickhouse_driver-0.2.0-cp35-cp35m-manylinux1_x86_64.whl", hash = "sha256:6c48ebb3be0b0cb6cb7dcfce9f8ec078f3d9ce74f86606edfc58444ee9523096"},
    {file = "clickhouse_driver-0.2.0-cp35-cp35m-manylinux2010_i686.whl", hash = "sha256:ec863a80600a9c7d8cab60e1bc051b0fa525e712a141cb66c6e6a66cf83faa74"},
    {file = "clickhouse_driver-0.2.0-cp35-cp35m-manylinux2010_x86_64.whl", hash = "sha256:b1a13fc73faba77aec75101e190d22253b125e08c3abd5cb1b8727fa4e4b8e67"},
    {file = "clickhouse_driver-0.2.0-cp35-cp35m-manylinux2014_aarch64.whl", hash = "sha256:300dba28a4f82bfbc92b33df7393d0d33162a1952910305bb0ba7abf6c1edc7f"},
    {file = "clickhouse_driver-0.2.0-cp35-cp35m-win32.whl", hash = "sha256:b55aa541eb2ebcbcbd25df5203942f19d778efbc7ec43c33f0620d0347d87e04"},
    {file = "clickhouse_driver-0.2.0-cp35-cp35m-win_amd64.whl", hash = "sha256:cedc6fb30303012fbb5dec6605ea7694784d806291958367984fe1a333aff687"},
    {file = "clickhouse_driver-0.2.0-cp36-cp36m-macosx_10_9_x86_64.whl", hash = "sha256:c454a9053feb8b4fd21af24a79128d87662a49dbaaa2d5eb612d29d3f139d3ae"},
    {file = "clickhouse_driver-0.2.0-cp36-cp36m-manylinux1_i686.whl", hash = "sha256:1f0335d98d6a86a4f0505cd4f98f96e08906619fd8fdf6a5de05fb5ee6976521"},
    {file = "clickhouse_driver-0.2.0-cp36-cp36m-manylinux1_x86_64.whl", hash = "sha256:195656ae622901e166cde6d338d4a13a54e3a38e255793777bdf56130858eef5"},
    {file = "clickhouse_driver-0.2.0-cp36-cp36m-manylinux2010_i686.whl", hash = "sha256:d3195c9f5343149dfffd729daac72e0ca7030c87a10ba2cbb41df7348e547eed"},
    {file = "clickhouse_driver-0.2.0-cp36-cp36m-manylinux2010_x86_64.whl", hash = "sha256:f789ed03d1c7aefc6e7a626c51fec9048efc076d0326751614b48a0857331b99"},
    {file = "clickhouse_driver-0.2.0-cp36-cp36m-manylinux2014_aarch64.whl", hash = "sha256:4e423b9add7e4a07737f0e7e19eaa249f36afede8aeaec029e69b93d94eefdfb"},
    {file = "clickhouse_driver-0.2.0-cp36-cp36m-win32.whl", hash = "sha256:edbdcbb7c32e0efb1eda143b21383172e2d709837c2d09e036edcf41b770df8e"},
    {file = "clickhouse_driver-0.2.0-cp36-cp36m-win_amd64.whl", hash = "sha256:51e8d9d6199f2ade571b72827a8088b46931768d7c0d67c1a4b6ad8aabff75eb"},
    {file = "clickhouse_driver-0.2.0-cp37-cp37m-macosx_10_9_x86_64.whl", hash = "sha256:8fd90935d914384f39aca714b60bfa1fa59fe135dd19c99ccf8f5b1271aed78d"},
    {file = "clickhouse_driver-0.2.0-cp37-cp37m-manylinux1_i686.whl", hash = "sha256:5efb241dac6c69c9a26275c409b2a81141c993b37bb7a1ac7d9a38207276c3a4"},
    {file = "clickhouse_driver-0.2.0-cp37-cp37m-manylinux1_x86_64.whl", hash = "sha256:5719e9e10e64426e193042f0ba5bd4927aaeb83ed063511f8f586448b9725d89"},
    {file = "clickhouse_driver-0.2.0-cp37-cp37m-manylinux2010_i686.whl", hash = "sha256:6db2322f7ecdd2481d2a3d34ac11d71fbe6b4a407a44617acbd058c92ae3a08a"},
    {file = "clickhouse_driver-0.2.0-cp37-cp37m-manylinux2010_x86_64.whl", hash = "sha256:315103ab8c10f9b1a547b7ec7c1a7a668fce8c89dfc350439949edad3d986074"},
    {file = "clickhouse_driver-0.2.0-cp37-cp37m-manylinux2014_aarch64.whl", hash = "sha256:c824f3d58558b9de687f2c413a2c59de019c18237f8e6342b71b8db0292efe8c"},
    {file = "clickhouse_driver-0.2.0-cp37-cp37m-win32.whl", hash = "sha256:a88fad262d2b833e073eaeca3d054cdbbf06ec78a1f1b0e978420f53ba42b90e"},
    {file = "clickhouse_driver-0.2.0-cp37-cp37m-win_amd64.whl", hash = "sha256:a904f4c04011a90419f4488f607f1fcf973814b0f9f6f93ca0015578922cc0e4"},
    {file = "clickhouse_driver-0.2.0-cp38-cp38-macosx_10_9_x86_64.whl", hash = "sha256:9055e329affa8c221479b2375a0e23cf9238cd79be66daea7bcec8b2ba60196a"},
    {file = "clickhouse_driver-0.2.0-cp38-cp38-manylinux1_i686.whl", hash = "sha256:b6f62c226cbfaa6fd336ca5d80898f0100ea116e67cacd94fa0967afc60c6b0f"},
    {file = "clickhouse_driver-0.2.0-cp38-cp38-manylinux1_x86_64.whl", hash = "sha256:87a7fef364b510abb5344533a394ad3ec06047af28b9272087b28e6570617183"},
    {file = "clickhouse_driver-0.2.0-cp38-cp38-manylinux2010_i686.whl", hash = "sha256:17b30703e4390366181642f7fa866853d7134134ebeb681a1776a0abe61a93cf"},
    {file = "clickhouse_driver-0.2.0-cp38-cp38-manylinux2010_x86_64.whl", hash = "sha256:d5c5aecc58a8b71492368ebd1adb3016e122692e8a31b2ea3aa219c6a4e224a3"},
    {file = "clickhouse_driver-0.2.0-cp38-cp38-manylinux2014_aarch64.whl", hash = "sha256:424bb92486f74199231bbbbbf8362c8914bf7c7aa4af9f6347d70162ebef5844"},
    {file = "clickhouse_driver-0.2.0-cp38-cp38-win32.whl", hash = "sha256:2ccf58a6e1eefc4d5833b68c40716ff1294b20bd7c40a09e5d65afafade43e9d"},
    {file = "clickhouse_driver-0.2.0-cp38-cp38-win_amd64.whl", hash = "sha256:f415be3571967ca42a4c2836826b203030c53e739b9e2b4a79ed213706ef6924"},
    {file = "clickhouse_driver-0.2.0-cp39-cp39-macosx_10_9_x86_64.whl", hash = "sha256:9fc14485e178186c27107a12805640000b7973d6756f1675a46478d6e9734920"},
    {file = "clickhouse_driver-0.2.0-cp39-cp39-manylinux1_i686.whl", hash = "sha256:f69cd1a0981c257e48ae0f4bc602632e0b5fa24aa163d3042337f04db75d29e3"},
    {file = "clickhouse_driver-0.2.0-cp39-cp39-manylinux1_x86_64.whl", hash = "sha256:82161e12771ebcd2f9b4078f9653331aab3898b183302ae307183983d15335ff"},
    {file = "clickhouse_driver-0.2.0-cp39-cp39-manylinux2010_i686.whl", hash = "sha256:2dda28cb424f8d449271a0eeaa6dbbfe112cfb650a3936ee2ff06359cbc7d6ad"},
    {file = "clickhouse_driver-0.2.0-cp39-cp39-manylinux2010_x86_64.whl", hash = "sha256:fe8575cc809a6703d065e29aebe88b265e4ed435c2fdfd18353f6ab2d08ca650"},
    {file = "clickhouse_driver-0.2.0-cp39-cp39-manylinux2014_aarch64.whl", hash = "sha256:d4eccbfe3ca23110b16263be68edcdaf22e8c823171e50544249161f36611547"},
    {file = "clickhouse_driver-0.2.0-cp39-cp39-win32.whl", hash = "sha256:9fef38a3d23a9c2d4f5fac2227bfb2fbe606138506aa10a4a2b563b879b995d5"},
    {file = "clickhouse_driver-0.2.0-cp39-cp39-win_amd64.whl", hash = "sha256:27cd2cd032b52f2cbcbaf064aa71805c70fe91247821ac91bf2ae71e224e6fd8"},
    {file = "clickhouse_driver-0.2.0-pp27-pypy_73-macosx_10_9_x86_64.whl", hash = "sha256:6a20570eff4119f11c5b458d4860afdcb510f5c397d9e9bd12f2bf196ebbd846"},
    {file = "clickhouse_driver-0.2.0-pp27-pypy_73-manylinux1_x86_64.whl", hash = "sha256:dcce87611c7f75671a768e83ac51e6ad1363199fe0bf7f74b7babb5254426e3e"},
    {file = "clickhouse_driver-0.2.0-pp27-pypy_73-manylinux2010_x86_64.whl", hash = "sha256:5be3f6dda0e12553a40f71fd13fdf60c66c91452c0ec6bf513128441d0073ed0"},
    {file = "clickhouse_driver-0.2.0-pp36-pypy36_pp73-macosx_10_9_x86_64.whl", hash = "sha256:fc4aaa52208d9e185b912f0e640184d87db03427bfb8694d420d0ded73903b5a"},
    {file = "clickhouse_driver-0.2.0-pp36-pypy36_pp73-manylinux1_x86_64.whl", hash = "sha256:8c2d8575fa82190ffa8bd3c6d0d2a2f483a9a7eb0303d2b65404b2e4367b1c43"},
    {file = "clickhouse_driver-0.2.0-pp36-pypy36_pp73-manylinux2010_x86_64.whl", hash = "sha256:97d0f3e0094bfad555a83d6c6efef4ca14607cf045ae0124933578f2ccdfcd4e"},
    {file = "clickhouse_driver-0.2.0-pp36-pypy36_pp73-win32.whl", hash = "sha256:96dc46adc6e2441d4f76b401f38bc57de7dd810a5fb8604767d96a2d239f6634"},
    {file = "clickhouse_driver-0.2.0-pp37-pypy37_pp73-macosx_10_9_x86_64.whl", hash = "sha256:929983db1d9b47d156d850e88831f5d85a8043b5ac877b6251d79491afb05ba4"},
    {file = "clickhouse_driver-0.2.0-pp37-pypy37_pp73-manylinux1_x86_64.whl", hash = "sha256:f3bb0128d72db0081fbaba1acb852ecb8ed9ee8983c5b57556e3bdcb45fe487c"},
    {file = "clickhouse_driver-0.2.0-pp37-pypy37_pp73-manylinux2010_x86_64.whl", hash = "sha256:1fdb4640166deccf8c6745970681267030064cfd7caedf79060e832f25287217"},
    {file = "clickhouse_driver-0.2.0-pp37-pypy37_pp73-win32.whl", hash = "sha256:869e3796b61aa75988a7951ce4d8365c2e382309b9a7af2d5e98213644a5ee7a"},
]
enum34 = [
    {file = "enum34-1.1.10-py2-none-any.whl", hash = "sha256:a98a201d6de3f2ab3db284e70a33b0f896fbf35f8086594e8c9e74b909058d53"},
    {file = "enum34-1.1.10-py3-none-any.whl", hash = "sha256:c3858660960c984d6ab0ebad691265180da2b43f07e061c0f8dca9ef3cffd328"},
    {file = "enum34-1.1.10.tar.gz", hash = "sha256:cce6a7477ed816bd2542d03d53db9f0db935dd013b70f336a95c73979289f248"},
]
ipaddress = [
    {file = "ipaddress-1.0.23-py2.py3-none-any.whl", hash = "sha256:6e0f4a39e66cb5bb9a137b00276a2eff74f93b71dcbdad6f10ff7df9d3557fcc"},
    {file = "ipaddress-1.0.23.tar.gz", hash = "sha256:b7f8e0369580bb4a24d5ba1d7cc29660a4a6987763faf1d8a8046830e020e7e2"},
]
pytz = [
    {file = "pytz-2021.1-py2.py3-none-any.whl", hash = "sha256:eb10ce3e7736052ed3623d49975ce333bcd712c7bb19a58b9e2089d4057d0798"},
    {file = "pytz-2021.1.tar.gz", hash = "sha256:83a4a90894bf38e243cf052c8b58f381bfe9a7a483f6a9cab140bc7f702ac4da"},
]
tzlocal = [
    {file = "tzlocal-2.1-py2.py3-none-any.whl", hash = "sha256:e2cb6c6b5b604af38597403e9852872d7f534962ae2954c7f35efcb1ccacf4a4"},
    {file = "tzlocal-2.1.tar.gz", hash = "sha256:643c97c5294aedc737780a49d9df30889321cbe1204eac2c2ec6134035a92e44"},
]
